
Microsoft Visual Studio Solution File, Format Version 12.00
# Visual Studio Version 16
VisualStudioVersion = 16.0.28803.452
MinimumVisualStudioVersion = 10.0.40219.1
Project("{FAE04EC0-301F-11D3-BF4B-00C04F79EFBC}") = "YYX.MailSendException", "YYX.MailSendException\YYX.MailSendException.csproj", "{C0DCE3B2-D8E6-4A9D-9241-6F213FE33E64}"
EndProject
Global
	GlobalSection(SolutionConfigurationPlatforms) = preSolution
		Debug|Any CPU = Debug|Any CPU
		Release|Any CPU = Release|Any CPU
	EndGlobalSection
	GlobalSection(ProjectConfigurationPlatforms) = postSolution
		{C0DCE3B2-D8E6-4A9D-9241-6F213FE33E64}.Debug|Any CPU.ActiveCfg = Debug|Any CPU
		{C0DCE3B2-D8E6-4A9D-9241-6F213FE33E64}.Debug|Any CPU.Build.0 = Debug|Any CPU
		{C0DCE3B2-D8E6-4A9D-9241-6F213FE33E64}.Release|Any CPU.ActiveCfg = Release|Any CPU
		{C0DCE3B2-D8E6-4A9D-9241-6F213FE33E64}.Release|Any CPU.Build.0 = Release|Any CPU
	EndGlobalSection
	GlobalSection(SolutionProperties) = preSolution
		HideSolutionNode = FALSE
	EndGlobalSection
	GlobalSection(ExtensibilityGlobals) = postSolution
		SolutionGuid = {D31C9300-6CD3-4FD4-BC3B-D8B7E7079C73}
	EndGlobalSection
EndGlobal
